Microsoft Visual Studio Solution File, Format Version 12.00
# Visual Studio 2012
Project("{FAE04EC0-301F-11D3-BF4B-00C04F79EFBC}") = "Dungeon Rider", "Dungeon Rider.csproj", "{EC3599A9-CB8A-41C9-A836-778D9D6CAB78}"
EndProject
Global
	GlobalSection(SolutionConfigurationPlatforms) = preSolution
	Debug|Any CPU = Debug|Any CPU
	ExportDebug|Any CPU = ExportDebug|Any CPU
	ExportRelease|Any CPU = ExportRelease|Any CPU
	EndGlobalSection
	GlobalSection(ProjectConfigurationPlatforms) = postSolution
		{EC3599A9-CB8A-41C9-A836-778D9D6CAB78}.Debug|Any CPU.ActiveCfg = Debug|Any CPU
		{EC3599A9-CB8A-41C9-A836-778D9D6CAB78}.Debug|Any CPU.Build.0 = Debug|Any CPU
		{EC3599A9-CB8A-41C9-A836-778D9D6CAB78}.ExportDebug|Any CPU.ActiveCfg = ExportDebug|Any CPU
		{EC3599A9-CB8A-41C9-A836-778D9D6CAB78}.ExportDebug|Any CPU.Build.0 = ExportDebug|Any CPU
		{EC3599A9-CB8A-41C9-A836-778D9D6CAB78}.ExportRelease|Any CPU.ActiveCfg = ExportRelease|Any CPU
		{EC3599A9-CB8A-41C9-A836-778D9D6CAB78}.ExportRelease|Any CPU.Build.0 = ExportRelease|Any CPU
	EndGlobalSection
EndGlobal
